
Microsoft Visual Studio Solution File, Format Version 12.00
# Visual Studio 15
VisualStudioVersion = 15.0.26014.0
MinimumVisualStudioVersion = 10.0.40219.1
Project("{FAE04EC0-301F-11D3-BF4B-00C04F79EFBC}") = "AzManAuthentication", "AzManAuthentication\AzManAuthentication.csproj", "{78084DFB-ADA7-4E69-B21D-22DC9E6A0AD5}"
EndProject
Project("{FAE04EC0-301F-11D3-BF4B-00C04F79EFBC}") = "HBD.AspNet", "..\..\.Net 4.6.x\HBD.AspNet\HBD.AspNet\HBD.AspNet.csproj", "{84F96B7F-C0B9-4848-AE21-8678B9B3CB80}"
EndProject
Global
	GlobalSection(SolutionConfigurationPlatforms) = preSolution
		Debug|Any CPU = Debug|Any CPU
		Release|Any CPU = Release|Any CPU
	EndGlobalSection
	GlobalSection(ProjectConfigurationPlatforms) = postSolution
		{78084DFB-ADA7-4E69-B21D-22DC9E6A0AD5}.Debug|Any CPU.ActiveCfg = Debug|Any CPU
		{78084DFB-ADA7-4E69-B21D-22DC9E6A0AD5}.Debug|Any CPU.Build.0 = Debug|Any CPU
		{78084DFB-ADA7-4E69-B21D-22DC9E6A0AD5}.Release|Any CPU.ActiveCfg = Release|Any CPU
		{78084DFB-ADA7-4E69-B21D-22DC9E6A0AD5}.Release|Any CPU.Build.0 = Release|Any CPU
		{84F96B7F-C0B9-4848-AE21-8678B9B3CB80}.Debug|Any CPU.ActiveCfg = Debug|Any CPU
		{84F96B7F-C0B9-4848-AE21-8678B9B3CB80}.Debug|Any CPU.Build.0 = Debug|Any CPU
		{84F96B7F-C0B9-4848-AE21-8678B9B3CB80}.Release|Any CPU.ActiveCfg = Release|Any CPU
		{84F96B7F-C0B9-4848-AE21-8678B9B3CB80}.Release|Any CPU.Build.0 = Release|Any CPU
	EndGlobalSection
	GlobalSection(SolutionProperties) = preSolution
		HideSolutionNode = FALSE
	EndGlobalSection
	GlobalSection(TeamFoundationVersionControl) = preSolution
		SccNumberOfProjects = 3
		SccEnterpriseProvider = {4CA58AB2-18FA-4F8D-95D4-32DDF27D184C}
		SccTeamFoundationServer = https://steven2412.visualstudio.com/
		SccLocalPath0 = .
		SccProjectUniqueName1 = AzManAuthentication\\AzManAuthentication.csproj
		SccProjectName1 = AzManAuthentication
		SccLocalPath1 = AzManAuthentication
		SccProjectUniqueName2 = ..\\..\\.Net\u00204.6.x\\HBD.AspNet\\HBD.AspNet\\HBD.AspNet.csproj
		SccProjectName2 = ../../.Net\u00204.6.x/HBD.AspNet/HBD.AspNet
		SccLocalPath2 = ..\\..\\.Net\u00204.6.x\\HBD.AspNet\\HBD.AspNet
	EndGlobalSection
EndGlobal
