
Microsoft Visual Studio Solution File, Format Version 12.00
# Visual Studio 15
VisualStudioVersion = 15.0.26228.9
MinimumVisualStudioVersion = 10.0.40219.1
Project("{FAE04EC0-301F-11D3-BF4B-00C04F79EFBC}") = "WebApp", "WebApp\WebApp.csproj", "{A2A242AA-6FAB-4397-A627-178D2BB15D2C}"
EndProject
Project("{FAE04EC0-301F-11D3-BF4B-00C04F79EFBC}") = "WebApi", "WebApi\WebApi.csproj", "{DE1E0762-AF11-43DB-9605-D92934504E90}"
EndProject
Project("{FAE04EC0-301F-11D3-BF4B-00C04F79EFBC}") = "ViewModels", "ViewModels\ViewModels.csproj", "{7E960854-FF4E-40A1-91EA-6DE464C26AB8}"
EndProject
Global
	GlobalSection(SolutionConfigurationPlatforms) = preSolution
		Debug|Any CPU = Debug|Any CPU
		Release|Any CPU = Release|Any CPU
	EndGlobalSection
	GlobalSection(ProjectConfigurationPlatforms) = postSolution
		{A2A242AA-6FAB-4397-A627-178D2BB15D2C}.Debug|Any CPU.ActiveCfg = Debug|Any CPU
		{A2A242AA-6FAB-4397-A627-178D2BB15D2C}.Debug|Any CPU.Build.0 = Debug|Any CPU
		{A2A242AA-6FAB-4397-A627-178D2BB15D2C}.Release|Any CPU.ActiveCfg = Release|Any CPU
		{A2A242AA-6FAB-4397-A627-178D2BB15D2C}.Release|Any CPU.Build.0 = Release|Any CPU
		{DE1E0762-AF11-43DB-9605-D92934504E90}.Debug|Any CPU.ActiveCfg = Debug|Any CPU
		{DE1E0762-AF11-43DB-9605-D92934504E90}.Debug|Any CPU.Build.0 = Debug|Any CPU
		{DE1E0762-AF11-43DB-9605-D92934504E90}.Release|Any CPU.ActiveCfg = Release|Any CPU
		{DE1E0762-AF11-43DB-9605-D92934504E90}.Release|Any CPU.Build.0 = Release|Any CPU
		{7E960854-FF4E-40A1-91EA-6DE464C26AB8}.Debug|Any CPU.ActiveCfg = Debug|Any CPU
		{7E960854-FF4E-40A1-91EA-6DE464C26AB8}.Debug|Any CPU.Build.0 = Debug|Any CPU
		{7E960854-FF4E-40A1-91EA-6DE464C26AB8}.Release|Any CPU.ActiveCfg = Release|Any CPU
		{7E960854-FF4E-40A1-91EA-6DE464C26AB8}.Release|Any CPU.Build.0 = Release|Any CPU
	EndGlobalSection
	GlobalSection(SolutionProperties) = preSolution
		HideSolutionNode = FALSE
	EndGlobalSection
	GlobalSection(TeamFoundationVersionControl) = preSolution
		SccNumberOfProjects = 4
		SccEnterpriseProvider = {4CA58AB2-18FA-4F8D-95D4-32DDF27D184C}
		SccTeamFoundationServer = https://steven2412.visualstudio.com/
		SccProjectUniqueName0 = ViewModels\\ViewModels.csproj
		SccProjectName0 = ViewModels
		SccLocalPath0 = ViewModels
		SccProjectUniqueName1 = WebApi\\WebApi.csproj
		SccProjectName1 = WebApi
		SccLocalPath1 = WebApi
		SccProjectUniqueName2 = WebApp\\WebApp.csproj
		SccProjectName2 = WebApp
		SccLocalPath2 = WebApp
		SccLocalPath3 = .
	EndGlobalSection
EndGlobal
