
Microsoft Visual Studio Solution File, Format Version 12.00
# Visual Studio 15
VisualStudioVersion = 15.0.27019.1
MinimumVisualStudioVersion = 10.0.40219.1
Project("{A07B5EB6-E848-4116-A8D0-A826331D98C6}") = "HBD.ServiceFabric", "HBD.ServiceFabric\HBD.ServiceFabric.sfproj", "{0D0A7DE1-CD90-4028-9B04-5B3A0137900D}"
EndProject
Project("{9A19103F-16F7-4668-BE54-9A1E7A4F7556}") = "Web", "Web\Web.csproj", "{15E67419-96ED-4E01-9043-152923526DC3}"
EndProject
Project("{2150E333-8FDC-42A3-9474-1A3956D46DE8}") = "Solution Items", "Solution Items", "{F050CFB9-2280-4828-A9E6-2BD050A85B01}"
	ProjectSection(SolutionItems) = preProject
		Shared\localhost.pfx = Shared\localhost.pfx
	EndProjectSection
EndProject
Project("{9A19103F-16F7-4668-BE54-9A1E7A4F7556}") = "ReactJs", "ReactJs\ReactJs.csproj", "{894C97C7-F57F-4ACA-A6D5-704C9599583D}"
EndProject
Global
	GlobalSection(SolutionConfigurationPlatforms) = preSolution
		Debug|Any CPU = Debug|Any CPU
		Debug|x64 = Debug|x64
		Release|Any CPU = Release|Any CPU
		Release|x64 = Release|x64
	EndGlobalSection
	GlobalSection(ProjectConfigurationPlatforms) = postSolution
		{0D0A7DE1-CD90-4028-9B04-5B3A0137900D}.Debug|Any CPU.ActiveCfg = Debug|x64
		{0D0A7DE1-CD90-4028-9B04-5B3A0137900D}.Debug|x64.ActiveCfg = Debug|x64
		{0D0A7DE1-CD90-4028-9B04-5B3A0137900D}.Debug|x64.Build.0 = Debug|x64
		{0D0A7DE1-CD90-4028-9B04-5B3A0137900D}.Debug|x64.Deploy.0 = Debug|x64
		{0D0A7DE1-CD90-4028-9B04-5B3A0137900D}.Release|Any CPU.ActiveCfg = Release|x64
		{0D0A7DE1-CD90-4028-9B04-5B3A0137900D}.Release|x64.ActiveCfg = Release|x64
		{0D0A7DE1-CD90-4028-9B04-5B3A0137900D}.Release|x64.Build.0 = Release|x64
		{0D0A7DE1-CD90-4028-9B04-5B3A0137900D}.Release|x64.Deploy.0 = Release|x64
		{15E67419-96ED-4E01-9043-152923526DC3}.Debug|Any CPU.ActiveCfg = Debug|Any CPU
		{15E67419-96ED-4E01-9043-152923526DC3}.Debug|Any CPU.Build.0 = Debug|Any CPU
		{15E67419-96ED-4E01-9043-152923526DC3}.Debug|x64.ActiveCfg = Debug|Any CPU
		{15E67419-96ED-4E01-9043-152923526DC3}.Debug|x64.Build.0 = Debug|Any CPU
		{15E67419-96ED-4E01-9043-152923526DC3}.Release|Any CPU.ActiveCfg = Release|Any CPU
		{15E67419-96ED-4E01-9043-152923526DC3}.Release|Any CPU.Build.0 = Release|Any CPU
		{15E67419-96ED-4E01-9043-152923526DC3}.Release|x64.ActiveCfg = Release|Any CPU
		{15E67419-96ED-4E01-9043-152923526DC3}.Release|x64.Build.0 = Release|Any CPU
		{894C97C7-F57F-4ACA-A6D5-704C9599583D}.Debug|Any CPU.ActiveCfg = Debug|Any CPU
		{894C97C7-F57F-4ACA-A6D5-704C9599583D}.Debug|Any CPU.Build.0 = Debug|Any CPU
		{894C97C7-F57F-4ACA-A6D5-704C9599583D}.Debug|x64.ActiveCfg = Debug|Any CPU
		{894C97C7-F57F-4ACA-A6D5-704C9599583D}.Debug|x64.Build.0 = Debug|Any CPU
		{894C97C7-F57F-4ACA-A6D5-704C9599583D}.Release|Any CPU.ActiveCfg = Release|Any CPU
		{894C97C7-F57F-4ACA-A6D5-704C9599583D}.Release|Any CPU.Build.0 = Release|Any CPU
		{894C97C7-F57F-4ACA-A6D5-704C9599583D}.Release|x64.ActiveCfg = Release|Any CPU
		{894C97C7-F57F-4ACA-A6D5-704C9599583D}.Release|x64.Build.0 = Release|Any CPU
	EndGlobalSection
	GlobalSection(SolutionProperties) = preSolution
		HideSolutionNode = FALSE
	EndGlobalSection
	GlobalSection(ExtensibilityGlobals) = postSolution
		SolutionGuid = {C70CAA5B-F551-48AC-81F5-4DFE0C870A49}
	EndGlobalSection
EndGlobal
