
Microsoft Visual Studio Solution File, Format Version 12.00
# Visual Studio 15
VisualStudioVersion = 15.0.26711.1
MinimumVisualStudioVersion = 10.0.40219.1
Project("{FAE04EC0-301F-11D3-BF4B-00C04F79EFBC}") = "SampleSmtp", "SampleSmtp\SampleSmtp.csproj", "{94258328-0DBB-4471-BF62-5A0609239068}"
EndProject
Project("{FAE04EC0-301F-11D3-BF4B-00C04F79EFBC}") = "SampleSmtpTests", "SampleSmtpTests\SampleSmtpTests.csproj", "{323CBC72-E990-4F91-86B2-BAA743E500B7}"
EndProject
Global
	GlobalSection(SolutionConfigurationPlatforms) = preSolution
		Debug|Any CPU = Debug|Any CPU
		Release|Any CPU = Release|Any CPU
	EndGlobalSection
	GlobalSection(ProjectConfigurationPlatforms) = postSolution
		{94258328-0DBB-4471-BF62-5A0609239068}.Debug|Any CPU.ActiveCfg = Debug|Any CPU
		{94258328-0DBB-4471-BF62-5A0609239068}.Debug|Any CPU.Build.0 = Debug|Any CPU
		{94258328-0DBB-4471-BF62-5A0609239068}.Release|Any CPU.ActiveCfg = Release|Any CPU
		{94258328-0DBB-4471-BF62-5A0609239068}.Release|Any CPU.Build.0 = Release|Any CPU
		{323CBC72-E990-4F91-86B2-BAA743E500B7}.Debug|Any CPU.ActiveCfg = Debug|Any CPU
		{323CBC72-E990-4F91-86B2-BAA743E500B7}.Debug|Any CPU.Build.0 = Debug|Any CPU
		{323CBC72-E990-4F91-86B2-BAA743E500B7}.Release|Any CPU.ActiveCfg = Release|Any CPU
		{323CBC72-E990-4F91-86B2-BAA743E500B7}.Release|Any CPU.Build.0 = Release|Any CPU
	EndGlobalSection
	GlobalSection(SolutionProperties) = preSolution
		HideSolutionNode = FALSE
	EndGlobalSection
	GlobalSection(ExtensibilityGlobals) = postSolution
		SolutionGuid = {1931E011-CA22-4CFF-9CDC-EB2C3027B7B4}
	EndGlobalSection
EndGlobal
